
Microsoft Visual Studio Solution File, Format Version 12.00
# Visual Studio Version 17
VisualStudioVersion = 17.14.36109.1 d17.14
MinimumVisualStudioVersion = 10.0.40219.1
Project("{FAE04EC0-301F-11D3-BF4B-00C04F79EFBC}") = "WorkoutPlanner_API", "WorkoutPlanner_API\WorkoutPlanner_API.csproj", "{875A3CE0-E122-4ED0-B7B3-F2750EBED182}"
EndProject
Global
	GlobalSection(SolutionConfigurationPlatforms) = preSolution
		Debug|Any CPU = Debug|Any CPU
		Release|Any CPU = Release|Any CPU
	EndGlobalSection
	GlobalSection(ProjectConfigurationPlatforms) = postSolution
		{875A3CE0-E122-4ED0-B7B3-F2750EBED182}.Debug|Any CPU.ActiveCfg = Debug|Any CPU
		{875A3CE0-E122-4ED0-B7B3-F2750EBED182}.Debug|Any CPU.Build.0 = Debug|Any CPU
		{875A3CE0-E122-4ED0-B7B3-F2750EBED182}.Release|Any CPU.ActiveCfg = Release|Any CPU
		{875A3CE0-E122-4ED0-B7B3-F2750EBED182}.Release|Any CPU.Build.0 = Release|Any CPU
	EndGlobalSection
	GlobalSection(SolutionProperties) = preSolution
		HideSolutionNode = FALSE
	EndGlobalSection
	GlobalSection(ExtensibilityGlobals) = postSolution
		SolutionGuid = {4429830C-C233-4A1A-8D52-353DBCA6503A}
	EndGlobalSection
EndGlobal
